{
  "name": "falcons-cricket-club",
  "lockfileVersion": 3,
  "requires": true,
  "packages": {
    "": {
      "name": "falcons-cricket-club",
      "hasInstallScript": true,
      "dependencies": {
        "nodemailer": "^9.0.1"
      }
    },
    "node_modules/nodemailer": {
      "version": "9.0.1",
      "resolved": "https://registry.npmjs.org/nodemailer/-/nodemailer-9.0.1.tgz",
      "integrity": "sha512-Gwv8SQewT616ZM/URn0H54b8PWo/Wum7md3EW2aWy1lO27+WZCX+Xyak3J+NlmHUjDh5ME+uesJUDRbR3Ye8Bw==",
      "license": "MIT-0",
      "engines": {
        "node": ">=6.0.0"
      }
    }
  }
}
